<?xml version="1.0" encoding="UTF-8" standalone="yes" ?>
<CodeBlocks_project_file>
	<FileVersion major="1" minor="6" />
	<Project>
		<Option title="CTPMd" />
		<Option pch_mode="2" />
		<Option compiler="gcc" />
		<Build>
			<Target title="Debug">
				<Option output="bin/Debug/CTPMd" prefix_auto="1" extension_auto="1" />
				<Option object_output="obj/Debug/" />
				<Option type="1" />
				<Option compiler="gcc" />
				<Compiler>
					<Add option="-g" />
				</Compiler>
				<Linker>
					<Add library="api/ctp/thostmduserapi.so" />
					<Add library="api/ctp/thosttraderapi.so" />
				</Linker>
			</Target>
			<Target title="Release">
				<Option output="bin/Release/CTPMd" prefix_auto="1" extension_auto="1" />
				<Option object_output="obj/Release/" />
				<Option type="1" />
				<Option compiler="gcc" />
				<Compiler>
					<Add option="-O2" />
				</Compiler>
				<Linker>
					<Add option="-s" />
				</Linker>
			</Target>
		</Build>
		<Compiler>
			<Add option="-Wall" />
			<Add option="-fexceptions" />
		</Compiler>
		<Unit filename="MyCTPMdSpi.cpp">
			<Option target="&lt;{~None~}&gt;" />
		</Unit>
		<Unit filename="MyCTPMdSpi.h">
			<Option target="&lt;{~None~}&gt;" />
		</Unit>
		<Unit filename="MyCTPTraderSpi.cpp">
			<Option target="&lt;{~None~}&gt;" />
		</Unit>
		<Unit filename="MyCTPTraderSpi.h">
			<Option target="&lt;{~None~}&gt;" />
		</Unit>
		<Unit filename="api/ctp/ThostFtdcMdApi.h" />
		<Unit filename="api/ctp/ThostFtdcTraderApi.h" />
		<Unit filename="api/ctp/ThostFtdcUserApiDataType.h" />
		<Unit filename="api/ctp/ThostFtdcUserApiStruct.h" />
		<Unit filename="main.cpp" />
		<Extensions>
			<code_completion />
			<debugger />
		</Extensions>
	</Project>
</CodeBlocks_project_file>
